
Microsoft Visual Studio Solution File, Format Version 12.00
# Visual Studio Version 17
VisualStudioVersion = 17.0.31903.59
MinimumVisualStudioVersion = 10.0.40219.1
Project("{9A19103F-16F7-4668-BE54-9A1E7A4F7556}") = "Sys.Common", "Sys.Common\Sys.Common.csproj", "{05834742-BBDA-47A0-BB57-95149E14091F}"
EndProject
Project("{9A19103F-16F7-4668-BE54-9A1E7A4F7556}") = "ODTradePromotion.API", "ODTradePromotion.API\ODTradePromotion.API.csproj", "{A806869C-9AAC-464C-B3B2-C3FE412A7C16}"
EndProject
Global
	GlobalSection(SolutionConfigurationPlatforms) = preSolution
		Debug|Any CPU = Debug|Any CPU
		Release|Any CPU = Release|Any CPU
	EndGlobalSection
	GlobalSection(ProjectConfigurationPlatforms) = postSolution
		{05834742-BBDA-47A0-BB57-95149E14091F}.Debug|Any CPU.ActiveCfg = Debug|Any CPU
		{05834742-BBDA-47A0-BB57-95149E14091F}.Debug|Any CPU.Build.0 = Debug|Any CPU
		{05834742-BBDA-47A0-BB57-95149E14091F}.Release|Any CPU.ActiveCfg = Release|Any CPU
		{05834742-BBDA-47A0-BB57-95149E14091F}.Release|Any CPU.Build.0 = Release|Any CPU
		{A806869C-9AAC-464C-B3B2-C3FE412A7C16}.Debug|Any CPU.ActiveCfg = Debug|Any CPU
		{A806869C-9AAC-464C-B3B2-C3FE412A7C16}.Debug|Any CPU.Build.0 = Debug|Any CPU
		{A806869C-9AAC-464C-B3B2-C3FE412A7C16}.Release|Any CPU.ActiveCfg = Release|Any CPU
		{A806869C-9AAC-464C-B3B2-C3FE412A7C16}.Release|Any CPU.Build.0 = Release|Any CPU
	EndGlobalSection
	GlobalSection(SolutionProperties) = preSolution
		HideSolutionNode = FALSE
	EndGlobalSection
	GlobalSection(ExtensibilityGlobals) = postSolution
		SolutionGuid = {662C3FBB-69C2-4878-B98D-1CF5BD0A7EC4}
	EndGlobalSection
EndGlobal
